
Microsoft Visual Studio Solution File, Format Version 12.00
# Visual Studio Version 16
VisualStudioVersion = 16.0.31624.102
MinimumVisualStudioVersion = 10.0.40219.1
Project("{FAE04EC0-301F-11D3-BF4B-00C04F79EFBC}") = "stringYapilari", "stringYapilari\stringYapilari.csproj", "{34C9C7D1-BD44-490E-874C-8A1742C3BB15}"
EndProject
Global
	GlobalSection(SolutionConfigurationPlatforms) = preSolution
		Debug|Any CPU = Debug|Any CPU
		Release|Any CPU = Release|Any CPU
	EndGlobalSection
	GlobalSection(ProjectConfigurationPlatforms) = postSolution
		{34C9C7D1-BD44-490E-874C-8A1742C3BB15}.Debug|Any CPU.ActiveCfg = Debug|Any CPU
		{34C9C7D1-BD44-490E-874C-8A1742C3BB15}.Debug|Any CPU.Build.0 = Debug|Any CPU
		{34C9C7D1-BD44-490E-874C-8A1742C3BB15}.Release|Any CPU.ActiveCfg = Release|Any CPU
		{34C9C7D1-BD44-490E-874C-8A1742C3BB15}.Release|Any CPU.Build.0 = Release|Any CPU
	EndGlobalSection
	GlobalSection(SolutionProperties) = preSolution
		HideSolutionNode = FALSE
	EndGlobalSection
	GlobalSection(ExtensibilityGlobals) = postSolution
		SolutionGuid = {F40F3962-F2E7-42D7-AB31-39B0600AD649}
	EndGlobalSection
EndGlobal
